
Microsoft Visual Studio Solution File, Format Version 12.00
# Visual Studio Version 16
VisualStudioVersion = 16.0.31702.278
MinimumVisualStudioVersion = 10.0.40219.1
Project("{FAE04EC0-301F-11D3-BF4B-00C04F79EFBC}") = "TempConversion", "TempConversion.csproj", "{4720B7C6-6704-4973-96E0-FAA7F1CF3230}"
EndProject
Global
	GlobalSection(SolutionConfigurationPlatforms) = preSolution
		Debug|Any CPU = Debug|Any CPU
		Release|Any CPU = Release|Any CPU
	EndGlobalSection
	GlobalSection(ProjectConfigurationPlatforms) = postSolution
		{4720B7C6-6704-4973-96E0-FAA7F1CF3230}.Debug|Any CPU.ActiveCfg = Debug|Any CPU
		{4720B7C6-6704-4973-96E0-FAA7F1CF3230}.Debug|Any CPU.Build.0 = Debug|Any CPU
		{4720B7C6-6704-4973-96E0-FAA7F1CF3230}.Release|Any CPU.ActiveCfg = Release|Any CPU
		{4720B7C6-6704-4973-96E0-FAA7F1CF3230}.Release|Any CPU.Build.0 = Release|Any CPU
	EndGlobalSection
	GlobalSection(SolutionProperties) = preSolution
		HideSolutionNode = FALSE
	EndGlobalSection
	GlobalSection(ExtensibilityGlobals) = postSolution
		SolutionGuid = {6C52908C-EEEC-4656-85E5-288AD380EB8B}
	EndGlobalSection
EndGlobal
